
Microsoft Visual Studio Solution File, Format Version 12.00
# Visual Studio Version 16
VisualStudioVersion = 16.0.29418.71
MinimumVisualStudioVersion = 10.0.40219.1
Project("{FAE04EC0-301F-11D3-BF4B-00C04F79EFBC}") = "DRD.Web", "DRD.Web\DRD.Web.csproj", "{DB733D88-A5E8-4227-8DDB-5F79B3B20865}"
EndProject
Project("{FAE04EC0-301F-11D3-BF4B-00C04F79EFBC}") = "DRD.Core", "DRD.Core\DRD.Core.csproj", "{69ADF00A-E21C-4924-91AE-1FA3A2C354E6}"
EndProject
Project("{FAE04EC0-301F-11D3-BF4B-00C04F79EFBC}") = "DRD.Domain", "DRD.Domain\DRD.Domain.csproj", "{5812968F-ECCF-4382-8607-3503AE6CC72B}"
EndProject
Project("{FAE04EC0-301F-11D3-BF4B-00C04F79EFBC}") = "DRD.WebApi", "DRD.WebApi\DRD.WebApi.csproj", "{344D7D31-23A7-4244-9E0B-CE61A44B1C97}"
EndProject
Project("{FAE04EC0-301F-11D3-BF4B-00C04F79EFBC}") = "DRD.Service.Desktop", "DRD.Service.Desktop\DRD.Service.Desktop.csproj", "{97A39455-F02B-4B5F-90F5-25095E9D5B67}"
EndProject
Project("{FAE04EC0-301F-11D3-BF4B-00C04F79EFBC}") = "DRD.TaskScheduler", "DRD.TaskScheduler\DRD.TaskScheduler.csproj", "{D5646A65-822B-4993-8649-37600C382BF7}"
EndProject
Project("{FAE04EC0-301F-11D3-BF4B-00C04F79EFBC}") = "DRD.Models", "DRD.Models\DRD.Models.csproj", "{9634C54D-BFAC-4DA4-8E04-9B65E7A84763}"
EndProject
Global
	GlobalSection(SolutionConfigurationPlatforms) = preSolution
		Debug|Any CPU = Debug|Any CPU
		Release|Any CPU = Release|Any CPU
	EndGlobalSection
	GlobalSection(ProjectConfigurationPlatforms) = postSolution
		{DB733D88-A5E8-4227-8DDB-5F79B3B20865}.Debug|Any CPU.ActiveCfg = Debug|Any CPU
		{DB733D88-A5E8-4227-8DDB-5F79B3B20865}.Debug|Any CPU.Build.0 = Debug|Any CPU
		{DB733D88-A5E8-4227-8DDB-5F79B3B20865}.Release|Any CPU.ActiveCfg = Release|Any CPU
		{DB733D88-A5E8-4227-8DDB-5F79B3B20865}.Release|Any CPU.Build.0 = Release|Any CPU
		{69ADF00A-E21C-4924-91AE-1FA3A2C354E6}.Debug|Any CPU.ActiveCfg = Debug|Any CPU
		{69ADF00A-E21C-4924-91AE-1FA3A2C354E6}.Debug|Any CPU.Build.0 = Debug|Any CPU
		{69ADF00A-E21C-4924-91AE-1FA3A2C354E6}.Release|Any CPU.ActiveCfg = Release|Any CPU
		{69ADF00A-E21C-4924-91AE-1FA3A2C354E6}.Release|Any CPU.Build.0 = Release|Any CPU
		{5812968F-ECCF-4382-8607-3503AE6CC72B}.Debug|Any CPU.ActiveCfg = Debug|Any CPU
		{5812968F-ECCF-4382-8607-3503AE6CC72B}.Debug|Any CPU.Build.0 = Debug|Any CPU
		{5812968F-ECCF-4382-8607-3503AE6CC72B}.Release|Any CPU.ActiveCfg = Release|Any CPU
		{5812968F-ECCF-4382-8607-3503AE6CC72B}.Release|Any CPU.Build.0 = Release|Any CPU
		{344D7D31-23A7-4244-9E0B-CE61A44B1C97}.Debug|Any CPU.ActiveCfg = Debug|Any CPU
		{344D7D31-23A7-4244-9E0B-CE61A44B1C97}.Debug|Any CPU.Build.0 = Debug|Any CPU
		{344D7D31-23A7-4244-9E0B-CE61A44B1C97}.Release|Any CPU.ActiveCfg = Release|Any CPU
		{344D7D31-23A7-4244-9E0B-CE61A44B1C97}.Release|Any CPU.Build.0 = Release|Any CPU
		{97A39455-F02B-4B5F-90F5-25095E9D5B67}.Debug|Any CPU.ActiveCfg = Debug|Any CPU
		{97A39455-F02B-4B5F-90F5-25095E9D5B67}.Debug|Any CPU.Build.0 = Debug|Any CPU
		{97A39455-F02B-4B5F-90F5-25095E9D5B67}.Release|Any CPU.ActiveCfg = Release|Any CPU
		{97A39455-F02B-4B5F-90F5-25095E9D5B67}.Release|Any CPU.Build.0 = Release|Any CPU
		{D5646A65-822B-4993-8649-37600C382BF7}.Debug|Any CPU.ActiveCfg = Debug|Any CPU
		{D5646A65-822B-4993-8649-37600C382BF7}.Debug|Any CPU.Build.0 = Debug|Any CPU
		{D5646A65-822B-4993-8649-37600C382BF7}.Release|Any CPU.ActiveCfg = Release|Any CPU
		{D5646A65-822B-4993-8649-37600C382BF7}.Release|Any CPU.Build.0 = Release|Any CPU
		{9634C54D-BFAC-4DA4-8E04-9B65E7A84763}.Debug|Any CPU.ActiveCfg = Debug|Any CPU
		{9634C54D-BFAC-4DA4-8E04-9B65E7A84763}.Debug|Any CPU.Build.0 = Debug|Any CPU
		{9634C54D-BFAC-4DA4-8E04-9B65E7A84763}.Release|Any CPU.ActiveCfg = Release|Any CPU
		{9634C54D-BFAC-4DA4-8E04-9B65E7A84763}.Release|Any CPU.Build.0 = Release|Any CPU
	EndGlobalSection
	GlobalSection(SolutionProperties) = preSolution
		HideSolutionNode = FALSE
	EndGlobalSection
	GlobalSection(ExtensibilityGlobals) = postSolution
		SolutionGuid = {E3D0BD45-6C72-4A0F-8D25-E247CFE71E5A}
	EndGlobalSection
EndGlobal
