
Microsoft Visual Studio Solution File, Format Version 12.00
# Visual Studio Version 16
VisualStudioVersion = 16.0.29418.71
MinimumVisualStudioVersion = 10.0.40219.1
Project("{FAE04EC0-301F-11D3-BF4B-00C04F79EFBC}") = "DRD.Web", "DRD.Web\DRD.Web.csproj", "{DB733D88-A5E8-4227-8DDB-5F79B3B20865}"
EndProject
Project("{FAE04EC0-301F-11D3-BF4B-00C04F79EFBC}") = "DRD.Core", "DRD.Core\DRD.Core.csproj", "{69ADF00A-E21C-4924-91AE-1FA3A2C354E6}"
EndProject
Project("{FAE04EC0-301F-11D3-BF4B-00C04F79EFBC}") = "DRD.WebApi", "DRD.WebApi\DRD.WebApi.csproj", "{344D7D31-23A7-4244-9E0B-CE61A44B1C97}"
EndProject
Project("{FAE04EC0-301F-11D3-BF4B-00C04F79EFBC}") = "DRD.Service.Desktop", "DRD.Service.Desktop\DRD.Service.Desktop.csproj", "{97A39455-F02B-4B5F-90F5-25095E9D5B67}"
EndProject
Project("{FAE04EC0-301F-11D3-BF4B-00C04F79EFBC}") = "DRD.TaskScheduler", "DRD.TaskScheduler\DRD.TaskScheduler.csproj", "{D5646A65-822B-4993-8649-37600C382BF7}"
EndProject
Project("{FAE04EC0-301F-11D3-BF4B-00C04F79EFBC}") = "DRD.Models", "DRD.Models\DRD.Models.csproj", "{9634C54D-BFAC-4DA4-8E04-9B65E7A84763}"
EndProject
Project("{9A19103F-16F7-4668-BE54-9A1E7A4F7556}") = "Core.Postgres", "Core.Postgres\Core.Postgres.csproj", "{8273EAC5-3FC4-45C7-8114-D8D7398CFA66}"
EndProject
Project("{FAE04EC0-301F-11D3-BF4B-00C04F79EFBC}") = "Web", "Web\Web.csproj", "{B3352036-5D15-46D0-9F2E-79ED2248F722}"
EndProject
Global
	GlobalSection(SolutionConfigurationPlatforms) = preSolution
		Debug|Any CPU = Debug|Any CPU
		Release|Any CPU = Release|Any CPU
	EndGlobalSection
	GlobalSection(ProjectConfigurationPlatforms) = postSolution
		{DB733D88-A5E8-4227-8DDB-5F79B3B20865}.Debug|Any CPU.ActiveCfg = Debug|Any CPU
		{DB733D88-A5E8-4227-8DDB-5F79B3B20865}.Release|Any CPU.ActiveCfg = Release|Any CPU
		{DB733D88-A5E8-4227-8DDB-5F79B3B20865}.Release|Any CPU.Build.0 = Release|Any CPU
		{69ADF00A-E21C-4924-91AE-1FA3A2C354E6}.Debug|Any CPU.ActiveCfg = Debug|Any CPU
		{69ADF00A-E21C-4924-91AE-1FA3A2C354E6}.Release|Any CPU.ActiveCfg = Release|Any CPU
		{69ADF00A-E21C-4924-91AE-1FA3A2C354E6}.Release|Any CPU.Build.0 = Release|Any CPU
		{344D7D31-23A7-4244-9E0B-CE61A44B1C97}.Debug|Any CPU.ActiveCfg = Debug|Any CPU
		{344D7D31-23A7-4244-9E0B-CE61A44B1C97}.Release|Any CPU.ActiveCfg = Release|Any CPU
		{344D7D31-23A7-4244-9E0B-CE61A44B1C97}.Release|Any CPU.Build.0 = Release|Any CPU
		{97A39455-F02B-4B5F-90F5-25095E9D5B67}.Debug|Any CPU.ActiveCfg = Debug|Any CPU
		{97A39455-F02B-4B5F-90F5-25095E9D5B67}.Release|Any CPU.ActiveCfg = Release|Any CPU
		{97A39455-F02B-4B5F-90F5-25095E9D5B67}.Release|Any CPU.Build.0 = Release|Any CPU
		{D5646A65-822B-4993-8649-37600C382BF7}.Debug|Any CPU.ActiveCfg = Debug|Any CPU
		{D5646A65-822B-4993-8649-37600C382BF7}.Release|Any CPU.ActiveCfg = Release|Any CPU
		{D5646A65-822B-4993-8649-37600C382BF7}.Release|Any CPU.Build.0 = Release|Any CPU
		{9634C54D-BFAC-4DA4-8E04-9B65E7A84763}.Debug|Any CPU.ActiveCfg = Debug|Any CPU
		{9634C54D-BFAC-4DA4-8E04-9B65E7A84763}.Release|Any CPU.ActiveCfg = Release|Any CPU
		{9634C54D-BFAC-4DA4-8E04-9B65E7A84763}.Release|Any CPU.Build.0 = Release|Any CPU
		{8273EAC5-3FC4-45C7-8114-D8D7398CFA66}.Debug|Any CPU.ActiveCfg = Debug|Any CPU
		{8273EAC5-3FC4-45C7-8114-D8D7398CFA66}.Debug|Any CPU.Build.0 = Debug|Any CPU
		{8273EAC5-3FC4-45C7-8114-D8D7398CFA66}.Release|Any CPU.ActiveCfg = Release|Any CPU
		{8273EAC5-3FC4-45C7-8114-D8D7398CFA66}.Release|Any CPU.Build.0 = Release|Any CPU
		{B3352036-5D15-46D0-9F2E-79ED2248F722}.Debug|Any CPU.ActiveCfg = Debug|Any CPU
		{B3352036-5D15-46D0-9F2E-79ED2248F722}.Debug|Any CPU.Build.0 = Debug|Any CPU
		{B3352036-5D15-46D0-9F2E-79ED2248F722}.Release|Any CPU.ActiveCfg = Release|Any CPU
		{B3352036-5D15-46D0-9F2E-79ED2248F722}.Release|Any CPU.Build.0 = Release|Any CPU
	EndGlobalSection
	GlobalSection(SolutionProperties) = preSolution
		HideSolutionNode = FALSE
	EndGlobalSection
	GlobalSection(ExtensibilityGlobals) = postSolution
		SolutionGuid = {E3D0BD45-6C72-4A0F-8D25-E247CFE71E5A}
	EndGlobalSection
EndGlobal
