
Microsoft Visual Studio Solution File, Format Version 12.00
# Visual Studio Version 16
VisualStudioVersion = 16.0.29418.71
MinimumVisualStudioVersion = 10.0.40219.1
Project("{FAE04EC0-301F-11D3-BF4B-00C04F79EFBC}") = "DRD.Models", "DRD.Models\DRD.Models.csproj", "{9634C54D-BFAC-4DA4-8E04-9B65E7A84763}"
EndProject
Project("{9A19103F-16F7-4668-BE54-9A1E7A4F7556}") = "Core.Postgres", "Core.Postgres\Core.Postgres.csproj", "{8273EAC5-3FC4-45C7-8114-D8D7398CFA66}"
EndProject
Project("{FAE04EC0-301F-11D3-BF4B-00C04F79EFBC}") = "DRD.Service", "DRD.Service\DRD.Service.csproj", "{09201891-4892-45E0-AE34-3895E0DB26F4}"
EndProject
Global
	GlobalSection(SolutionConfigurationPlatforms) = preSolution
		Debug|Any CPU = Debug|Any CPU
		Release|Any CPU = Release|Any CPU
	EndGlobalSection
	GlobalSection(ProjectConfigurationPlatforms) = postSolution
		{9634C54D-BFAC-4DA4-8E04-9B65E7A84763}.Debug|Any CPU.ActiveCfg = Debug|Any CPU
		{9634C54D-BFAC-4DA4-8E04-9B65E7A84763}.Debug|Any CPU.Build.0 = Debug|Any CPU
		{9634C54D-BFAC-4DA4-8E04-9B65E7A84763}.Release|Any CPU.ActiveCfg = Release|Any CPU
		{9634C54D-BFAC-4DA4-8E04-9B65E7A84763}.Release|Any CPU.Build.0 = Release|Any CPU
		{8273EAC5-3FC4-45C7-8114-D8D7398CFA66}.Debug|Any CPU.ActiveCfg = Debug|Any CPU
		{8273EAC5-3FC4-45C7-8114-D8D7398CFA66}.Debug|Any CPU.Build.0 = Debug|Any CPU
		{8273EAC5-3FC4-45C7-8114-D8D7398CFA66}.Release|Any CPU.ActiveCfg = Release|Any CPU
		{8273EAC5-3FC4-45C7-8114-D8D7398CFA66}.Release|Any CPU.Build.0 = Release|Any CPU
		{09201891-4892-45E0-AE34-3895E0DB26F4}.Debug|Any CPU.ActiveCfg = Debug|Any CPU
		{09201891-4892-45E0-AE34-3895E0DB26F4}.Debug|Any CPU.Build.0 = Debug|Any CPU
		{09201891-4892-45E0-AE34-3895E0DB26F4}.Release|Any CPU.ActiveCfg = Release|Any CPU
		{09201891-4892-45E0-AE34-3895E0DB26F4}.Release|Any CPU.Build.0 = Release|Any CPU
	EndGlobalSection
	GlobalSection(SolutionProperties) = preSolution
		HideSolutionNode = FALSE
	EndGlobalSection
	GlobalSection(ExtensibilityGlobals) = postSolution
		SolutionGuid = {E3D0BD45-6C72-4A0F-8D25-E247CFE71E5A}
	EndGlobalSection
EndGlobal
